
Microsoft Visual Studio Solution File, Format Version 12.00
# Visual Studio Version 16
VisualStudioVersion = 25.0.1706.0
MinimumVisualStudioVersion = 10.0.40219.1
Project("{FAE04EC0-301F-11D3-BF4B-00C04F79EFBC}") = "ChessWebApplication", "ChessWebApplication\ChessWebApplication.csproj", "{E2141D4D-CD7C-48AE-B816-DB79D73DB7A2}"
EndProject
Global
	GlobalSection(SolutionConfigurationPlatforms) = preSolution
		Debug|Any CPU = Debug|Any CPU
		Release|Any CPU = Release|Any CPU
	EndGlobalSection
	GlobalSection(ProjectConfigurationPlatforms) = postSolution
		{E2141D4D-CD7C-48AE-B816-DB79D73DB7A2}.Debug|Any CPU.ActiveCfg = Debug|Any CPU
		{E2141D4D-CD7C-48AE-B816-DB79D73DB7A2}.Debug|Any CPU.Build.0 = Debug|Any CPU
		{E2141D4D-CD7C-48AE-B816-DB79D73DB7A2}.Release|Any CPU.ActiveCfg = Release|Any CPU
		{E2141D4D-CD7C-48AE-B816-DB79D73DB7A2}.Release|Any CPU.Build.0 = Release|Any CPU
	EndGlobalSection
	GlobalSection(SolutionProperties) = preSolution
		HideSolutionNode = FALSE
	EndGlobalSection
	GlobalSection(ExtensibilityGlobals) = postSolution
		SolutionGuid = {DE6575AD-C855-4F1F-852D-20BF0567E4F7}
	EndGlobalSection
EndGlobal
